{
  "name": "marcaideas",
  "version": "0.0.0",
  "lockfileVersion": 1,
  "requires": true,
  "dependencies": {
    "ngx-toastr": {
      "version": "8.2.1",
      "resolved": "https://registry.npmjs.org/ngx-toastr/-/ngx-toastr-8.2.1.tgz",
      "integrity": "sha512-vJARehZEcPpr3tZj/rlUEzeRQK43wZhxQxlYtt3zbFCUTRPdjTFCrbNw0JnPgL5buRo8N7THahm+JC+emsX8Aw==",
      "requires": {
        "tslib": "1.9.0"
      }
    },
    "tslib": {
      "version": "1.9.0",
      "resolved": "https://registry.npmjs.org/tslib/-/tslib-1.9.0.tgz",
      "integrity": "sha512-f/qGG2tUkrISBlQZEjEqoZ3B2+npJjIf04H1wuAv9iA8i04Icp+61KRXxFdha22670NJopsZCIjhC3SnjPRKrQ=="
    }
  }
}
